
Microsoft Visual Studio Solution File, Format Version 12.00
# Visual Studio Version 17
VisualStudioVersion = 17.10.35004.147
MinimumVisualStudioVersion = 10.0.40219.1
Project("{FAE04EC0-301F-11D3-BF4B-00C04F79EFBC}") = "Apollo", "Apollo.csproj", "{2D285648-718E-42C5-A363-7C863E6992F2}"
EndProject
Global
	GlobalSection(SolutionConfigurationPlatforms) = preSolution
		Debug|Any CPU = Debug|Any CPU
		Release|Any CPU = Release|Any CPU
	EndGlobalSection
	GlobalSection(ProjectConfigurationPlatforms) = postSolution
		{2D285648-718E-42C5-A363-7C863E6992F2}.Debug|Any CPU.ActiveCfg = Debug|Any CPU
		{2D285648-718E-42C5-A363-7C863E6992F2}.Debug|Any CPU.Build.0 = Debug|Any CPU
		{2D285648-718E-42C5-A363-7C863E6992F2}.Release|Any CPU.ActiveCfg = Release|Any CPU
		{2D285648-718E-42C5-A363-7C863E6992F2}.Release|Any CPU.Build.0 = Release|Any CPU
	EndGlobalSection
	GlobalSection(SolutionProperties) = preSolution
		HideSolutionNode = FALSE
	EndGlobalSection
	GlobalSection(ExtensibilityGlobals) = postSolution
		SolutionGuid = {83E190EE-9032-4E74-B3DB-E685558C9705}
	EndGlobalSection
EndGlobal
